// !$*UTF8*$!
{
	archiveVersion = 1;
	classes = {
	};
	objectVersion = 55;
	objects = {

/* Begin PBXBuildFile section */
		E6F1B4D227FECD130019BEAB /* Tests_iOS.swift in Sources */ = {isa = PBXBuildFile; fileRef = E6F1B4D127FECD130019BEAB /* Tests_iOS.swift */; };
		E6F1B4D427FECD130019BEAB /* Tests_iOSLaunchTests.swift in Sources */ = {isa = PBXBuildFile; fileRef = E6F1B4D327FECD130019BEAB /* Tests_iOSLaunchTests.swift */; };
		E6F1B4E127FECD130019BEAB /* Github_ActionsApp.swift in Sources */ = {isa = PBXBuildFile; fileRef = E6F1B4B927FECD110019BEAB /* Github_ActionsApp.swift */; };
		E6F1B4E327FECD130019BEAB /* ContentView.swift in Sources */ = {isa = PBXBuildFile; fileRef = E6F1B4BA27FECD110019BEAB /* ContentView.swift */; };
		E6F1B4E527FECD130019BEAB /* Assets.xcassets in Resources */ = {isa = PBXBuildFile; fileRef = E6F1B4BB27FECD130019BEAB /* Assets.xcassets */; };
/* End PBXBuildFile section */

/* Begin PBXContainerItemProxy section */
		E6F1B4CE27FECD130019BEAB /* PBXContainerItemProxy */ = {
			isa = PBXContainerItemProxy;
			containerPortal = E6F1B4B427FECD110019BEAB /* Project object */;
			proxyType = 1;
			remoteGlobalIDString = E6F1B4BF27FECD130019BEAB;
			remoteInfo = "Github_Actions (iOS)";
		};
/* End PBXContainerItemProxy section */

/* Begin PBXFileReference section */
		E6F1B4B927FECD110019BEAB /* Github_ActionsApp.swift */ = {isa = PBXFileReference; lastKnownFileType = sourcecode.swift; path = Github_ActionsApp.swift; sourceTree = "<group>"; };
		E6F1B4BA27FECD110019BEAB /* ContentView.swift */ = {isa = PBXFileReference; lastKnownFileType = sourcecode.swift; path = ContentView.swift; sourceTree = "<group>"; };
		E6F1B4BB27FECD130019BEAB /* Assets.xcassets */ = {isa = PBXFileReference; lastKnownFileType = folder.assetcatalog; path = Assets.xcassets; sourceTree = "<group>"; };
		E6F1B4C027FECD130019BEAB /* Github_Actions.app */ = {isa = PBXFileReference; explicitFileType = wrapper.application; includeInIndex = 0; path = Github_Actions.app; sourceTree = BUILT_PRODUCTS_DIR; };
		E6F1B4C827FECD130019BEAB /* macOS.entitlements */ = {isa = PBXFileReference; lastKnownFileType = text.plist.entitlements; path = macOS.entitlements; sourceTree = "<group>"; };
		E6F1B4CD27FECD130019BEAB /* Tests iOS.xctest */ = {isa = PBXFileReference; explicitFileType = wrapper.cfbundle; includeInIndex = 0; path = "Tests iOS.xctest"; sourceTree = BUILT_PRODUCTS_DIR; };
		E6F1B4D127FECD130019BEAB /* Tests_iOS.swift */ = {isa = PBXFileReference; lastKnownFileType = sourcecode.swift; path = Tests_iOS.swift; sourceTree = "<group>"; };
		E6F1B4D327FECD130019BEAB /* Tests_iOSLaunchTests.swift */ = {isa = PBXFileReference; lastKnownFileType = sourcecode.swift; path = Tests_iOSLaunchTests.swift; sourceTree = "<group>"; };
		E6F1B4DD27FECD130019BEAB /* Tests_macOS.swift */ = {isa = PBXFileReference; lastKnownFileType = sourcecode.swift; path = Tests_macOS.swift; sourceTree = "<group>"; };
		E6F1B4DF27FECD130019BEAB /* Tests_macOSLaunchTests.swift */ = {isa = PBXFileReference; lastKnownFileType = sourcecode.swift; path = Tests_macOSLaunchTests.swift; sourceTree = "<group>"; };
/* End PBXFileReference section */

/* Begin PBXFrameworksBuildPhase section */
		E6F1B4BD27FECD130019BEAB /* Frameworks */ = {
			isa = PBXFrameworksBuildPhase;
			buildActionMask = 2147483647;
			files = (
			);
			runOnlyForDeploymentPostprocessing = 0;
		};
		E6F1B4CA27FECD130019BEAB /* Frameworks */ = {
			isa = PBXFrameworksBuildPhase;
			buildActionMask = 2147483647;
			files = (
			);
			runOnlyForDeploymentPostprocessing = 0;
		};
/* End PBXFrameworksBuildPhase section */

/* Begin PBXGroup section */
		E6F1B4B327FECD110019BEAB = {
			isa = PBXGroup;
			children = (
				E6F1B4B827FECD110019BEAB /* Shared */,
				E6F1B4C727FECD130019BEAB /* macOS */,
				E6F1B4D027FECD130019BEAB /* Tests iOS */,
				E6F1B4DC27FECD130019BEAB /* Tests macOS */,
				E6F1B4C127FECD130019BEAB /* Products */,
			);
			sourceTree = "<group>";
		};
		E6F1B4B827FECD110019BEAB /* Shared */ = {
			isa = PBXGroup;
			children = (
				E6F1B4B927FECD110019BEAB /* Github_ActionsApp.swift */,
				E6F1B4BA27FECD110019BEAB /* ContentView.swift */,
				E6F1B4BB27FECD130019BEAB /* Assets.xcassets */,
			);
			path = Shared;
			sourceTree = "<group>";
		};
		E6F1B4C127FECD130019BEAB /* Products */ = {
			isa = PBXGroup;
			children = (
				E6F1B4C027FECD130019BEAB /* Github_Actions.app */,
				E6F1B4CD27FECD130019BEAB /* Tests iOS.xctest */,
			);
			name = Products;
			sourceTree = "<group>";
		};
		E6F1B4C727FECD130019BEAB /* macOS */ = {
			isa = PBXGroup;
			children = (
				E6F1B4C827FECD130019BEAB /* macOS.entitlements */,
			);
			path = macOS;
			sourceTree = "<group>";
		};
		E6F1B4D027FECD130019BEAB /* Tests iOS */ = {
			isa = PBXGroup;
			children = (
				E6F1B4D127FECD130019BEAB /* Tests_iOS.swift */,
				E6F1B4D327FECD130019BEAB /* Tests_iOSLaunchTests.swift */,
			);
			path = "Tests iOS";
			sourceTree = "<group>";
		};
		E6F1B4DC27FECD130019BEAB /* Tests macOS */ = {
			isa = PBXGroup;
			children = (
				E6F1B4DD27FECD130019BEAB /* Tests_macOS.swift */,
				E6F1B4DF27FECD130019BEAB /* Tests_macOSLaunchTests.swift */,
			);
			path = "Tests macOS";
			sourceTree = "<group>";
		};
/* End PBXGroup section */

/* Begin PBXNativeTarget section */
		E6F1B4BF27FECD130019BEAB /* Github_Actions (iOS) */ = {
			isa = PBXNativeTarget;
			buildConfigurationList = E6F1B4E927FECD130019BEAB /* Build configuration list for PBXNativeTarget "Github_Actions (iOS)" */;
			buildPhases = (
				E6F1B4BC27FECD130019BEAB /* Sources */,
				E6F1B4BD27FECD130019BEAB /* Frameworks */,
				E6F1B4BE27FECD130019BEAB /* Resources */,
			);
			buildRules = (
			);
			dependencies = (
			);
			name = "Github_Actions (iOS)";
			productName = "Github_Actions (iOS)";
			productReference = E6F1B4C027FECD130019BEAB /* Github_Actions.app */;
			productType = "com.apple.product-type.application";
		};
		E6F1B4CC27FECD130019BEAB /* Tests iOS */ = {
			isa = PBXNativeTarget;
			buildConfigurationList = E6F1B4EF27FECD130019BEAB /* Build configuration list for PBXNativeTarget "Tests iOS" */;
			buildPhases = (
				E6F1B4C927FECD130019BEAB /* Sources */,
				E6F1B4CA27FECD130019BEAB /* Frameworks */,
				E6F1B4CB27FECD130019BEAB /* Resources */,
			);
			buildRules = (
			);
			dependencies = (
				E6F1B4CF27FECD130019BEAB /* PBXTargetDependency */,
			);
			name = "Tests iOS";
			productName = "Tests iOS";
			productReference = E6F1B4CD27FECD130019BEAB /* Tests iOS.xctest */;
			productType = "com.apple.product-type.bundle.ui-testing";
		};
/* End PBXNativeTarget section */

/* Begin PBXProject section */
		E6F1B4B427FECD110019BEAB /* Project object */ = {
			isa = PBXProject;
			attributes = {
				BuildIndependentTargetsInParallel = 1;
				LastSwiftUpdateCheck = 1330;
				LastUpgradeCheck = 1330;
				TargetAttributes = {
					E6F1B4BF27FECD130019BEAB = {
						CreatedOnToolsVersion = 13.3;
					};
					E6F1B4CC27FECD130019BEAB = {
						CreatedOnToolsVersion = 13.3;
						TestTargetID = E6F1B4BF27FECD130019BEAB;
					};
				};
			};
			buildConfigurationList = E6F1B4B727FECD110019BEAB /* Build configuration list for PBXProject "Github_Actions" */;
			compatibilityVersion = "Xcode 13.0";
			developmentRegion = en;
			hasScannedForEncodings = 0;
			knownRegions = (
				en,
				Base,
			);
			mainGroup = E6F1B4B327FECD110019BEAB;
			productRefGroup = E6F1B4C127FECD130019BEAB /* Products */;
			projectDirPath = "";
			projectRoot = "";
			targets = (
				E6F1B4BF27FECD130019BEAB /* Github_Actions (iOS) */,
				E6F1B4CC27FECD130019BEAB /* Tests iOS */,
			);
		};
/* End PBXProject section */

/* Begin PBXResourcesBuildPhase section */
		E6F1B4BE27FECD130019BEAB /* Resources */ = {
			isa = PBXResourcesBuildPhase;
			buildActionMask = 2147483647;
			files = (
				E6F1B4E527FECD130019BEAB /* Assets.xcassets in Resources */,
			);
			runOnlyForDeploymentPostprocessing = 0;
		};
		E6F1B4CB27FECD130019BEAB /* Resources */ = {
			isa = PBXResourcesBuildPhase;
			buildActionMask = 2147483647;
			files = (
			);
			runOnlyForDeploymentPostprocessing = 0;
		};
/* End PBXResourcesBuildPhase section */

/* Begin PBXSourcesBuildPhase section */
		E6F1B4BC27FECD130019BEAB /* Sources */ = {
			isa = PBXSourcesBuildPhase;
			buildActionMask = 2147483647;
			files = (
				E6F1B4E327FECD130019BEAB /* ContentView.swift in Sources */,
				E6F1B4E127FECD130019BEAB /* Github_ActionsApp.swift in Sources */,
			);
			runOnlyForDeploymentPostprocessing = 0;
		};
		E6F1B4C927FECD130019BEAB /* Sources */ = {
			isa = PBXSourcesBuildPhase;
			buildActionMask = 2147483647;
			files = (
				E6F1B4D427FECD130019BEAB /* Tests_iOSLaunchTests.swift in Sources */,
				E6F1B4D227FECD130019BEAB /* Tests_iOS.swift in Sources */,
			);
			runOnlyForDeploymentPostprocessing = 0;
		};
/* End PBXSourcesBuildPhase section */

/* Begin PBXTargetDependency section */
		E6F1B4CF27FECD130019BEAB /* PBXTargetDependency */ = {
			isa = PBXTargetDependency;
			target = E6F1B4BF27FECD130019BEAB /* Github_Actions (iOS) */;
			targetProxy = E6F1B4CE27FECD130019BEAB /* PBXContainerItemProxy */;
		};
/* End PBXTargetDependency section */

/* Begin XCBuildConfiguration section */
		E6F1B4E727FECD130019BEAB /* Debug */ = {
			isa = XCBuildConfiguration;
			buildSettings = {
				ALWAYS_SEARCH_USER_PATHS = NO;
				CLANG_ANALYZER_NONNULL = YES;
				CLANG_ANALYZER_NUMBER_OBJECT_CONVERSION = YES_AGGRESSIVE;
				CLANG_CXX_LANGUAGE_STANDARD = "gnu++17";
				CLANG_ENABLE_MODULES = YES;
				CLANG_ENABLE_OBJC_ARC = YES;
				CLANG_ENABLE_OBJC_WEAK = YES;
				CLANG_WARN_BLOCK_CAPTURE_AUTORELEASING = YES;
				CLANG_WARN_BOOL_CONVERSION = YES;
				CLANG_WARN_COMMA = YES;
				CLANG_WARN_CONSTANT_CONVERSION = YES;
				CLANG_WARN_DEPRECATED_OBJC_IMPLEMENTATIONS = YES;
				CLANG_WARN_DIRECT_OBJC_ISA_USAGE = YES_ERROR;
				CLANG_WARN_DOCUMENTATION_COMMENTS = YES;
				CLANG_WARN_EMPTY_BODY = YES;
				CLANG_WARN_ENUM_CONVERSION = YES;
				CLANG_WARN_INFINITE_RECURSION = YES;
				CLANG_WARN_INT_CONVERSION = YES;
				CLANG_WARN_NON_LITERAL_NULL_CONVERSION = YES;
				CLANG_WARN_OBJC_IMPLICIT_RETAIN_SELF = YES;
				CLANG_WARN_OBJC_LITERAL_CONVERSION = YES;
				CLANG_WARN_OBJC_ROOT_CLASS = YES_ERROR;
				CLANG_WARN_QUOTED_INCLUDE_IN_FRAMEWORK_HEADER = YES;
				CLANG_WARN_RANGE_LOOP_ANALYSIS = YES;
				CLANG_WARN_STRICT_PROTOTYPES = YES;
				CLANG_WARN_SUSPICIOUS_MOVE = YES;
				CLANG_WARN_UNGUARDED_AVAILABILITY = YES_AGGRESSIVE;
				CLANG_WARN_UNREACHABLE_CODE = YES;
				CLANG_WARN__DUPLICATE_METHOD_MATCH = YES;
				COPY_PHASE_STRIP = NO;
				DEBUG_INFORMATION_FORMAT = dwarf;
				ENABLE_STRICT_OBJC_MSGSEND = YES;
				ENABLE_TESTABILITY = YES;
				GCC_C_LANGUAGE_STANDARD = gnu11;
				GCC_DYNAMIC_NO_PIC = NO;
				GCC_NO_COMMON_BLOCKS = YES;
				GCC_OPTIMIZATION_LEVEL = 0;
				GCC_PREPROCESSOR_DEFINITIONS = (
					"DEBUG=1",
					"$(inherited)",
				);
				GCC_WARN_64_TO_32_BIT_CONVERSION = YES;
				GCC_WARN_ABOUT_RETURN_TYPE = YES_ERROR;
				GCC_WARN_UNDECLARED_SELECTOR = YES;
				GCC_WARN_UNINITIALIZED_AUTOS = YES_AGGRESSIVE;
				GCC_WARN_UNUSED_FUNCTION = YES;
				GCC_WARN_UNUSED_VARIABLE = YES;
				IPHONEOS_DEPLOYMENT_TARGET = 15.0;
				MTL_ENABLE_DEBUG_INFO = INCLUDE_SOURCE;
				MTL_FAST_MATH = YES;
				ONLY_ACTIVE_ARCH = YES;
				SWIFT_ACTIVE_COMPILATION_CONDITIONS = DEBUG;
				SWIFT_OPTIMIZATION_LEVEL = "-Onone";
			};
			name = Debug;
		};
		E6F1B4E827FECD130019BEAB /* Release */ = {
			isa = XCBuildConfiguration;
			buildSettings = {
				ALWAYS_SEARCH_USER_PATHS = NO;
				CLANG_ANALYZER_NONNULL = YES;
				CLANG_ANALYZER_NUMBER_OBJECT_CONVERSION = YES_AGGRESSIVE;
				CLANG_CXX_LANGUAGE_STANDARD = "gnu++17";
				CLANG_ENABLE_MODULES = YES;
				CLANG_ENABLE_OBJC_ARC = YES;
				CLANG_ENABLE_OBJC_WEAK = YES;
				CLANG_WARN_BLOCK_CAPTURE_AUTORELEASING = YES;
				CLANG_WARN_BOOL_CONVERSION = YES;
				CLANG_WARN_COMMA = YES;
				CLANG_WARN_CONSTANT_CONVERSION = YES;
				CLANG_WARN_DEPRECATED_OBJC_IMPLEMENTATIONS = YES;
				CLANG_WARN_DIRECT_OBJC_ISA_USAGE = YES_ERROR;
				CLANG_WARN_DOCUMENTATION_COMMENTS = YES;
				CLANG_WARN_EMPTY_BODY = YES;
				CLANG_WARN_ENUM_CONVERSION = YES;
				CLANG_WARN_INFINITE_RECURSION = YES;
				CLANG_WARN_INT_CONVERSION = YES;
				CLANG_WARN_NON_LITERAL_NULL_CONVERSION = YES;
				CLANG_WARN_OBJC_IMPLICIT_RETAIN_SELF = YES;
				CLANG_WARN_OBJC_LITERAL_CONVERSION = YES;
				CLANG_WARN_OBJC_ROOT_CLASS = YES_ERROR;
				CLANG_WARN_QUOTED_INCLUDE_IN_FRAMEWORK_HEADER = YES;
				CLANG_WARN_RANGE_LOOP_ANALYSIS = YES;
				CLANG_WARN_STRICT_PROTOTYPES = YES;
				CLANG_WARN_SUSPICIOUS_MOVE = YES;
				CLANG_WARN_UNGUARDED_AVAILABILITY = YES_AGGRESSIVE;
				CLANG_WARN_UNREACHABLE_CODE = YES;
				CLANG_WARN__DUPLICATE_METHOD_MATCH = YES;
				COPY_PHASE_STRIP = NO;
				DEBUG_INFORMATION_FORMAT = "dwarf-with-dsym";
				ENABLE_NS_ASSERTIONS = NO;
				ENABLE_STRICT_OBJC_MSGSEND = YES;
				GCC_C_LANGUAGE_STANDARD = gnu11;
				GCC_NO_COMMON_BLOCKS = YES;
				GCC_WARN_64_TO_32_BIT_CONVERSION = YES;
				GCC_WARN_ABOUT_RETURN_TYPE = YES_ERROR;
				GCC_WARN_UNDECLARED_SELECTOR = YES;
				GCC_WARN_UNINITIALIZED_AUTOS = YES_AGGRESSIVE;
				GCC_WARN_UNUSED_FUNCTION = YES;
				GCC_WARN_UNUSED_VARIABLE = YES;
				IPHONEOS_DEPLOYMENT_TARGET = 15.0;
				MTL_ENABLE_DEBUG_INFO = NO;
				MTL_FAST_MATH = YES;
				SWIFT_COMPILATION_MODE = wholemodule;
				SWIFT_OPTIMIZATION_LEVEL = "-O";
			};
			name = Release;
		};
		E6F1B4EA27FECD130019BEAB /* Debug */ = {
			isa = XCBuildConfiguration;
			buildSettings = {
				ASSETCATALOG_COMPILER_APPICON_NAME = AppIcon;
				ASSETCATALOG_COMPILER_GLOBAL_ACCENT_COLOR_NAME = AccentColor;
				CODE_SIGN_IDENTITY = "Apple Development";
				CODE_SIGN_STYLE = Automatic;
				CURRENT_PROJECT_VERSION = 1;
				DEVELOPMENT_TEAM = 69B882R34D;
				ENABLE_PREVIEWS = YES;
				GENERATE_INFOPLIST_FILE = YES;
				INFOPLIST_KEY_UIApplicationSceneManifest_Generation = YES;
				INFOPLIST_KEY_UIApplicationSupportsIndirectInputEvents = YES;
				INFOPLIST_KEY_UILaunchScreen_Generation = YES;
				INFOPLIST_KEY_UISupportedInterfaceOrientations_iPad = "UIInterfaceOrientationPortrait UIInterfaceOrientationPortraitUpsideDown UIInterfaceOrientationLandscapeLeft UIInterfaceOrientationLandscapeRight";
				INFOPLIST_KEY_UISupportedInterfaceOrientations_iPhone = "UIInterfaceOrientationPortrait UIInterfaceOrientationLandscapeLeft UIInterfaceOrientationLandscapeRight";
				IPHONEOS_DEPLOYMENT_TARGET = 15.4;
				LD_RUNPATH_SEARCH_PATHS = (
					"$(inherited)",
					"@executable_path/Frameworks",
				);
				MARKETING_VERSION = 1.0;
				PRODUCT_BUNDLE_IDENTIFIER = "com.yessen.Github-Actions";
				PRODUCT_NAME = Github_Actions;
				PROVISIONING_PROFILE_SPECIFIER = "";
				SDKROOT = iphoneos;
				SWIFT_EMIT_LOC_STRINGS = YES;
				SWIFT_VERSION = 5.0;
				TARGETED_DEVICE_FAMILY = 1;
			};
			name = Debug;
		};
		E6F1B4EB27FECD130019BEAB /* Release */ = {
			isa = XCBuildConfiguration;
			buildSettings = {
				ASSETCATALOG_COMPILER_APPICON_NAME = AppIcon;
				ASSETCATALOG_COMPILER_GLOBAL_ACCENT_COLOR_NAME = AccentColor;
				CODE_SIGN_STYLE = Automatic;
				CURRENT_PROJECT_VERSION = 1;
				DEVELOPMENT_TEAM = 69B882R34D;
				ENABLE_PREVIEWS = YES;
				GENERATE_INFOPLIST_FILE = YES;
				INFOPLIST_KEY_UIApplicationSceneManifest_Generation = YES;
				INFOPLIST_KEY_UIApplicationSupportsIndirectInputEvents = YES;
				INFOPLIST_KEY_UILaunchScreen_Generation = YES;
				INFOPLIST_KEY_UISupportedInterfaceOrientations_iPad = "UIInterfaceOrientationPortrait UIInterfaceOrientationPortraitUpsideDown UIInterfaceOrientationLandscapeLeft UIInterfaceOrientationLandscapeRight";
				INFOPLIST_KEY_UISupportedInterfaceOrientations_iPhone = "UIInterfaceOrientationPortrait UIInterfaceOrientationLandscapeLeft UIInterfaceOrientationLandscapeRight";
				IPHONEOS_DEPLOYMENT_TARGET = 15.4;
				LD_RUNPATH_SEARCH_PATHS = (
					"$(inherited)",
					"@executable_path/Frameworks",
				);
				MARKETING_VERSION = 1.0;
				PRODUCT_BUNDLE_IDENTIFIER = "come.yessen.Github-Actions";
				PRODUCT_NAME = Github_Actions;
				SDKROOT = iphoneos;
				SWIFT_EMIT_LOC_STRINGS = YES;
				SWIFT_VERSION = 5.0;
				TARGETED_DEVICE_FAMILY = 1;
				VALIDATE_PRODUCT = YES;
			};
			name = Release;
		};
		E6F1B4F027FECD130019BEAB /* Debug */ = {
			isa = XCBuildConfiguration;
			buildSettings = {
				ALWAYS_EMBED_SWIFT_STANDARD_LIBRARIES = YES;
				CODE_SIGN_IDENTITY = "Apple Development";
				"CODE_SIGN_IDENTITY[sdk=macosx*]" = "Apple Development";
				CODE_SIGN_STYLE = Automatic;
				CURRENT_PROJECT_VERSION = 1;
				DEVELOPMENT_TEAM = 69B882R34D;
				GENERATE_INFOPLIST_FILE = YES;
				IPHONEOS_DEPLOYMENT_TARGET = 15.4;
				MARKETING_VERSION = 1.0;
				PRODUCT_BUNDLE_IDENTIFIER = "ys.Tests-iOS";
				"PRODUCT_BUNDLE_IDENTIFIER[sdk=macosx*]" = "com.yessen.Github-Actions";
				PRODUCT_NAME = "$(TARGET_NAME)";
				PROVISIONING_PROFILE_SPECIFIER = "";
				"PROVISIONING_PROFILE_SPECIFIER[sdk=macosx*]" = "";
				SDKROOT = iphoneos;
				SWIFT_EMIT_LOC_STRINGS = NO;
				SWIFT_VERSION = 5.0;
				TARGETED_DEVICE_FAMILY = "1,2";
				TEST_TARGET_NAME = "Github_Actions (iOS)";
			};
			name = Debug;
		};
		E6F1B4F127FECD130019BEAB /* Release */ = {
			isa = XCBuildConfiguration;
			buildSettings = {
				ALWAYS_EMBED_SWIFT_STANDARD_LIBRARIES = YES;
				CODE_SIGN_STYLE = Automatic;
				CURRENT_PROJECT_VERSION = 1;
				DEVELOPMENT_TEAM = 69B882R34D;
				GENERATE_INFOPLIST_FILE = YES;
				IPHONEOS_DEPLOYMENT_TARGET = 15.4;
				MARKETING_VERSION = 1.0;
				PRODUCT_BUNDLE_IDENTIFIER = "ys.Tests-iOS";
				"PRODUCT_BUNDLE_IDENTIFIER[sdk=macosx*]" = "com.yessen.Github-Actions";
				PRODUCT_NAME = "$(TARGET_NAME)";
				SDKROOT = iphoneos;
				SWIFT_EMIT_LOC_STRINGS = NO;
				SWIFT_VERSION = 5.0;
				TARGETED_DEVICE_FAMILY = "1,2";
				TEST_TARGET_NAME = "Github_Actions (iOS)";
				VALIDATE_PRODUCT = YES;
			};
			name = Release;
		};
/* End XCBuildConfiguration section */

/* Begin XCConfigurationList section */
		E6F1B4B727FECD110019BEAB /* Build configuration list for PBXProject "Github_Actions" */ = {
			isa = XCConfigurationList;
			buildConfigurations = (
				E6F1B4E727FECD130019BEAB /* Debug */,
				E6F1B4E827FECD130019BEAB /* Release */,
			);
			defaultConfigurationIsVisible = 0;
			defaultConfigurationName = Debug;
		};
		E6F1B4E927FECD130019BEAB /* Build configuration list for PBXNativeTarget "Github_Actions (iOS)" */ = {
			isa = XCConfigurationList;
			buildConfigurations = (
				E6F1B4EA27FECD130019BEAB /* Debug */,
				E6F1B4EB27FECD130019BEAB /* Release */,
			);
			defaultConfigurationIsVisible = 0;
			defaultConfigurationName = Debug;
		};
		E6F1B4EF27FECD130019BEAB /* Build configuration list for PBXNativeTarget "Tests iOS" */ = {
			isa = XCConfigurationList;
			buildConfigurations = (
				E6F1B4F027FECD130019BEAB /* Debug */,
				E6F1B4F127FECD130019BEAB /* Release */,
			);
			defaultConfigurationIsVisible = 0;
			defaultConfigurationName = Debug;
		};
/* End XCConfigurationList section */
	};
	rootObject = E6F1B4B427FECD110019BEAB /* Project object */;
}
